
Microsoft Visual Studio Solution File, Format Version 12.00
# Visual Studio Version 17
VisualStudioVersion = 17.1.32328.378
MinimumVisualStudioVersion = 10.0.40219.1
Project("{FAE04EC0-301F-11D3-BF4B-00C04F79EFBC}") = "Server", "Server\Server.csproj", "{C6BDBE5B-344F-4399-817D-01458AB09E28}"
EndProject
Project("{FAE04EC0-301F-11D3-BF4B-00C04F79EFBC}") = "Common", "Common\Common.csproj", "{B0C8C0CA-D412-4107-8977-14497E293395}"
EndProject
Project("{FAE04EC0-301F-11D3-BF4B-00C04F79EFBC}") = "Client", "Client\Client.csproj", "{3E5772B4-19A3-4D93-BD97-DEA31A2F7447}"
EndProject
Global
	GlobalSection(SolutionConfigurationPlatforms) = preSolution
		Debug|Any CPU = Debug|Any CPU
		Release|Any CPU = Release|Any CPU
	EndGlobalSection
	GlobalSection(ProjectConfigurationPlatforms) = postSolution
		{C6BDBE5B-344F-4399-817D-01458AB09E28}.Debug|Any CPU.ActiveCfg = Debug|Any CPU
		{C6BDBE5B-344F-4399-817D-01458AB09E28}.Debug|Any CPU.Build.0 = Debug|Any CPU
		{C6BDBE5B-344F-4399-817D-01458AB09E28}.Release|Any CPU.ActiveCfg = Release|Any CPU
		{C6BDBE5B-344F-4399-817D-01458AB09E28}.Release|Any CPU.Build.0 = Release|Any CPU
		{B0C8C0CA-D412-4107-8977-14497E293395}.Debug|Any CPU.ActiveCfg = Debug|Any CPU
		{B0C8C0CA-D412-4107-8977-14497E293395}.Debug|Any CPU.Build.0 = Debug|Any CPU
		{B0C8C0CA-D412-4107-8977-14497E293395}.Release|Any CPU.ActiveCfg = Release|Any CPU
		{B0C8C0CA-D412-4107-8977-14497E293395}.Release|Any CPU.Build.0 = Release|Any CPU
		{3E5772B4-19A3-4D93-BD97-DEA31A2F7447}.Debug|Any CPU.ActiveCfg = Debug|Any CPU
		{3E5772B4-19A3-4D93-BD97-DEA31A2F7447}.Debug|Any CPU.Build.0 = Debug|Any CPU
		{3E5772B4-19A3-4D93-BD97-DEA31A2F7447}.Release|Any CPU.ActiveCfg = Release|Any CPU
		{3E5772B4-19A3-4D93-BD97-DEA31A2F7447}.Release|Any CPU.Build.0 = Release|Any CPU
	EndGlobalSection
	GlobalSection(SolutionProperties) = preSolution
		HideSolutionNode = FALSE
	EndGlobalSection
	GlobalSection(ExtensibilityGlobals) = postSolution
		SolutionGuid = {CA1D39A9-17B4-47A7-BDBA-5BF4C1938C0A}
	EndGlobalSection
EndGlobal
