
Microsoft Visual Studio Solution File, Format Version 12.00
# Visual Studio Version 17
VisualStudioVersion = 17.0.31903.59
MinimumVisualStudioVersion = 10.0.40219.1
Project("{FAE04EC0-301F-11D3-BF4B-00C04F79EFBC}") = "EliminacioniTemplate", "EliminacioniTemplate\\EliminacioniTemplate.csproj", "{D24A51B2-5F62-47E8-88B5-8A768F138C11}"
EndProject
Global
	GlobalSection(SolutionConfigurationPlatforms) = preSolution
		Debug|Any CPU = Debug|Any CPU
		Release|Any CPU = Release|Any CPU
	EndGlobalSection
	GlobalSection(ProjectConfigurationPlatforms) = postSolution
		{D24A51B2-5F62-47E8-88B5-8A768F138C11}.Debug|Any CPU.ActiveCfg = Debug|Any CPU
		{D24A51B2-5F62-47E8-88B5-8A768F138C11}.Debug|Any CPU.Build.0 = Debug|Any CPU
		{D24A51B2-5F62-47E8-88B5-8A768F138C11}.Release|Any CPU.ActiveCfg = Release|Any CPU
		{D24A51B2-5F62-47E8-88B5-8A768F138C11}.Release|Any CPU.Build.0 = Release|Any CPU
	EndGlobalSection
	GlobalSection(SolutionProperties) = preSolution
		HideSolutionNode = FALSE
	EndGlobalSection
	GlobalSection(ExtensibilityGlobals) = postSolution
		SolutionGuid = {3CC1C80A-ED10-4D9E-9FA7-295D61E6D5A4}
	EndGlobalSection
EndGlobal
